<Solution>
  <Project Path="BioFuelFertilizer\BioFuelFertilizer.csproj">
    <Build Project="false" />
  </Project>
  <Project Path="BlueprintMaterials/BlueprintMaterials.csproj" />
  <Project Path="LegendaryIsUnique/LegendaryIsUnique.csproj" />
  <Project Path="MechUpgradesUi\MechUpgradesUi.csproj">
    <Build Solution="Release|*" Project="false" />
  </Project>
  <Project Path="Tweaks\Tweaks.csproj" />
</Solution>